// !$*UTF8*$!
{
	archiveVersion = 1;
	classes = {
	};
	objectVersion = 52;
	objects = {

/* Begin PBXBuildFile section */
		1505B23D548FF7FA8760373F /* Pods_Tipster_TipsterUITests.framework in Frameworks */ = {isa = PBXBuildFile; fileRef = 067166E993F29E3934E72289 /* Pods_Tipster_TipsterUITests.framework */; };
		5957852767C3FED308FEB56F /* Pods_TipsterTests.framework in Frameworks */ = {isa = PBXBuildFile; fileRef = 0F28764AD79AAAC2F8ACFDE4 /* Pods_TipsterTests.framework */; };
		A28D16DFA5B374D0DDE8A509 /* Pods_Tipster.framework in Frameworks */ = {isa = PBXBuildFile; fileRef = A2D48D85BB4B04385C8ED8FA /* Pods_Tipster.framework */; };
		B57884912701426B00B45F32 /* AppDelegate.m in Sources */ = {isa = PBXBuildFile; fileRef = B57884902701426B00B45F32 /* AppDelegate.m */; };
		B57884942701426B00B45F32 /* SceneDelegate.m in Sources */ = {isa = PBXBuildFile; fileRef = B57884932701426B00B45F32 /* SceneDelegate.m */; };
		B57884972701426B00B45F32 /* ViewController.m in Sources */ = {isa = PBXBuildFile; fileRef = B57884962701426B00B45F32 /* ViewController.m */; };
		B578849A2701426C00B45F32 /* Main.storyboard in Resources */ = {isa = PBXBuildFile; fileRef = B57884982701426C00B45F32 /* Main.storyboard */; };
		B578849C2701426D00B45F32 /* Assets.xcassets in Resources */ = {isa = PBXBuildFile; fileRef = B578849B2701426D00B45F32 /* Assets.xcassets */; };
		B578849F2701426D00B45F32 /* LaunchScreen.storyboard in Resources */ = {isa = PBXBuildFile; fileRef = B578849D2701426D00B45F32 /* LaunchScreen.storyboard */; };
		B57884A22701426D00B45F32 /* main.m in Sources */ = {isa = PBXBuildFile; fileRef = B57884A12701426D00B45F32 /* main.m */; };
		B57884AC2701426D00B45F32 /* TipsterTests.m in Sources */ = {isa = PBXBuildFile; fileRef = B57884AB2701426D00B45F32 /* TipsterTests.m */; };
		B57884B72701426D00B45F32 /* TipsterUITests.m in Sources */ = {isa = PBXBuildFile; fileRef = B57884B62701426D00B45F32 /* TipsterUITests.m */; };
		B57884C627016C8100B45F32 /* MoviesViewController.swift in Sources */ = {isa = PBXBuildFile; fileRef = B57884C527016C8100B45F32 /* MoviesViewController.swift */; };
		B57884C8270185AF00B45F32 /* MovieCell.swift in Sources */ = {isa = PBXBuildFile; fileRef = B57884C7270185AE00B45F32 /* MovieCell.swift */; };
		B57884CB270A733400B45F32 /* AlamofireImage in Frameworks */ = {isa = PBXBuildFile; productRef = B57884CA270A733400B45F32 /* AlamofireImage */; };
/* End PBXBuildFile section */

/* Begin PBXContainerItemProxy section */
		B57884A82701426D00B45F32 /* PBXContainerItemProxy */ = {
			isa = PBXContainerItemProxy;
			containerPortal = B57884842701426B00B45F32 /* Project object */;
			proxyType = 1;
			remoteGlobalIDString = B578848B2701426B00B45F32;
			remoteInfo = Tipster;
		};
		B57884B32701426D00B45F32 /* PBXContainerItemProxy */ = {
			isa = PBXContainerItemProxy;
			containerPortal = B57884842701426B00B45F32 /* Project object */;
			proxyType = 1;
			remoteGlobalIDString = B578848B2701426B00B45F32;
			remoteInfo = Tipster;
		};
/* End PBXContainerItemProxy section */

/* Begin PBXFileReference section */
		067166E993F29E3934E72289 /* Pods_Tipster_TipsterUITests.framework */ = {isa = PBXFileReference; explicitFileType = wrapper.framework; includeInIndex = 0; path = Pods_Tipster_TipsterUITests.framework; sourceTree = BUILT_PRODUCTS_DIR; };
		0F28764AD79AAAC2F8ACFDE4 /* Pods_TipsterTests.framework */ = {isa = PBXFileReference; explicitFileType = wrapper.framework; includeInIndex = 0; path = Pods_TipsterTests.framework; sourceTree = BUILT_PRODUCTS_DIR; };
		10EBF945D9296A67AD9AC3E8 /* Pods-TipsterTests.debug.xcconfig */ = {isa = PBXFileReference; includeInIndex = 1; lastKnownFileType = text.xcconfig; name = "Pods-TipsterTests.debug.xcconfig"; path = "Target Support Files/Pods-TipsterTests/Pods-TipsterTests.debug.xcconfig"; sourceTree = "<group>"; };
		1BA1CCF86487EA318938F291 /* Pods-Tipster-TipsterUITests.debug.xcconfig */ = {isa = PBXFileReference; includeInIndex = 1; lastKnownFileType = text.xcconfig; name = "Pods-Tipster-TipsterUITests.debug.xcconfig"; path = "Target Support Files/Pods-Tipster-TipsterUITests/Pods-Tipster-TipsterUITests.debug.xcconfig"; sourceTree = "<group>"; };
		844E0F01827E3D512553A08C /* Pods-TipsterTests.release.xcconfig */ = {isa = PBXFileReference; includeInIndex = 1; lastKnownFileType = text.xcconfig; name = "Pods-TipsterTests.release.xcconfig"; path = "Target Support Files/Pods-TipsterTests/Pods-TipsterTests.release.xcconfig"; sourceTree = "<group>"; };
		A1E980768A1BA69A01E696DC /* Pods-Tipster.release.xcconfig */ = {isa = PBXFileReference; includeInIndex = 1; lastKnownFileType = text.xcconfig; name = "Pods-Tipster.release.xcconfig"; path = "Target Support Files/Pods-Tipster/Pods-Tipster.release.xcconfig"; sourceTree = "<group>"; };
		A2D48D85BB4B04385C8ED8FA /* Pods_Tipster.framework */ = {isa = PBXFileReference; explicitFileType = wrapper.framework; includeInIndex = 0; path = Pods_Tipster.framework; sourceTree = BUILT_PRODUCTS_DIR; };
		B578848C2701426B00B45F32 /* Tipster.app */ = {isa = PBXFileReference; explicitFileType = wrapper.application; includeInIndex = 0; path = Tipster.app; sourceTree = BUILT_PRODUCTS_DIR; };
		B578848F2701426B00B45F32 /* AppDelegate.h */ = {isa = PBXFileReference; lastKnownFileType = sourcecode.c.h; path = AppDelegate.h; sourceTree = "<group>"; };
		B57884902701426B00B45F32 /* AppDelegate.m */ = {isa = PBXFileReference; lastKnownFileType = sourcecode.c.objc; path = AppDelegate.m; sourceTree = "<group>"; };
		B57884922701426B00B45F32 /* SceneDelegate.h */ = {isa = PBXFileReference; lastKnownFileType = sourcecode.c.h; path = SceneDelegate.h; sourceTree = "<group>"; };
		B57884932701426B00B45F32 /* SceneDelegate.m */ = {isa = PBXFileReference; lastKnownFileType = sourcecode.c.objc; path = SceneDelegate.m; sourceTree = "<group>"; };
		B57884952701426B00B45F32 /* ViewController.h */ = {isa = PBXFileReference; lastKnownFileType = sourcecode.c.h; path = ViewController.h; sourceTree = "<group>"; };
		B57884962701426B00B45F32 /* ViewController.m */ = {isa = PBXFileReference; lastKnownFileType = sourcecode.c.objc; path = ViewController.m; sourceTree = "<group>"; };
		B57884992701426C00B45F32 /* Base */ = {isa = PBXFileReference; lastKnownFileType = file.storyboard; name = Base; path = Base.lproj/Main.storyboard; sourceTree = "<group>"; };
		B578849B2701426D00B45F32 /* Assets.xcassets */ = {isa = PBXFileReference; lastKnownFileType = folder.assetcatalog; path = Assets.xcassets; sourceTree = "<group>"; };
		B578849E2701426D00B45F32 /* Base */ = {isa = PBXFileReference; lastKnownFileType = file.storyboard; name = Base; path = Base.lproj/LaunchScreen.storyboard; sourceTree = "<group>"; };
		B57884A02701426D00B45F32 /* Info.plist */ = {isa = PBXFileReference; lastKnownFileType = text.plist.xml; path = Info.plist; sourceTree = "<group>"; };
		B57884A12701426D00B45F32 /* main.m */ = {isa = PBXFileReference; lastKnownFileType = sourcecode.c.objc; path = main.m; sourceTree = "<group>"; };
		B57884A72701426D00B45F32 /* TipsterTests.xctest */ = {isa = PBXFileReference; explicitFileType = wrapper.cfbundle; includeInIndex = 0; path = TipsterTests.xctest; sourceTree = BUILT_PRODUCTS_DIR; };
		B57884AB2701426D00B45F32 /* TipsterTests.m */ = {isa = PBXFileReference; lastKnownFileType = sourcecode.c.objc; path = TipsterTests.m; sourceTree = "<group>"; };
		B57884AD2701426D00B45F32 /* Info.plist */ = {isa = PBXFileReference; lastKnownFileType = text.plist.xml; path = Info.plist; sourceTree = "<group>"; };
		B57884B22701426D00B45F32 /* TipsterUITests.xctest */ = {isa = PBXFileReference; explicitFileType = wrapper.cfbundle; includeInIndex = 0; path = TipsterUITests.xctest; sourceTree = BUILT_PRODUCTS_DIR; };
		B57884B62701426D00B45F32 /* TipsterUITests.m */ = {isa = PBXFileReference; lastKnownFileType = sourcecode.c.objc; path = TipsterUITests.m; sourceTree = "<group>"; };
		B57884B82701426D00B45F32 /* Info.plist */ = {isa = PBXFileReference; lastKnownFileType = text.plist.xml; path = Info.plist; sourceTree = "<group>"; };
		B57884C427016C8000B45F32 /* Tipster-Bridging-Header.h */ = {isa = PBXFileReference; lastKnownFileType = sourcecode.c.h; path = "Tipster-Bridging-Header.h"; sourceTree = "<group>"; };
		B57884C527016C8100B45F32 /* MoviesViewController.swift */ = {isa = PBXFileReference; lastKnownFileType = sourcecode.swift; path = MoviesViewController.swift; sourceTree = "<group>"; };
		B57884C7270185AE00B45F32 /* MovieCell.swift */ = {isa = PBXFileReference; lastKnownFileType = sourcecode.swift; path = MovieCell.swift; sourceTree = "<group>"; };
		C0A052B265BEB1CF2FD99AC9 /* Pods-Tipster.debug.xcconfig */ = {isa = PBXFileReference; includeInIndex = 1; lastKnownFileType = text.xcconfig; name = "Pods-Tipster.debug.xcconfig"; path = "Target Support Files/Pods-Tipster/Pods-Tipster.debug.xcconfig"; sourceTree = "<group>"; };
		CDA45C89CA96029806752B6C /* Pods-Tipster-TipsterUITests.release.xcconfig */ = {isa = PBXFileReference; includeInIndex = 1; lastKnownFileType = text.xcconfig; name = "Pods-Tipster-TipsterUITests.release.xcconfig"; path = "Target Support Files/Pods-Tipster-TipsterUITests/Pods-Tipster-TipsterUITests.release.xcconfig"; sourceTree = "<group>"; };
/* End PBXFileReference section */

/* Begin PBXFrameworksBuildPhase section */
		B57884892701426B00B45F32 /* Frameworks */ = {
			isa = PBXFrameworksBuildPhase;
			buildActionMask = 2147483647;
			files = (
				B57884CB270A733400B45F32 /* AlamofireImage in Frameworks */,
				A28D16DFA5B374D0DDE8A509 /* Pods_Tipster.framework in Frameworks */,
			);
			runOnlyForDeploymentPostprocessing = 0;
		};
		B57884A42701426D00B45F32 /* Frameworks */ = {
			isa = PBXFrameworksBuildPhase;
			buildActionMask = 2147483647;
			files = (
				5957852767C3FED308FEB56F /* Pods_TipsterTests.framework in Frameworks */,
			);
			runOnlyForDeploymentPostprocessing = 0;
		};
		B57884AF2701426D00B45F32 /* Frameworks */ = {
			isa = PBXFrameworksBuildPhase;
			buildActionMask = 2147483647;
			files = (
				1505B23D548FF7FA8760373F /* Pods_Tipster_TipsterUITests.framework in Frameworks */,
			);
			runOnlyForDeploymentPostprocessing = 0;
		};
/* End PBXFrameworksBuildPhase section */

/* Begin PBXGroup section */
		294A323C43A6647B221ABD03 /* Frameworks */ = {
			isa = PBXGroup;
			children = (
				A2D48D85BB4B04385C8ED8FA /* Pods_Tipster.framework */,
				067166E993F29E3934E72289 /* Pods_Tipster_TipsterUITests.framework */,
				0F28764AD79AAAC2F8ACFDE4 /* Pods_TipsterTests.framework */,
			);
			name = Frameworks;
			sourceTree = "<group>";
		};
		99503BB21BEE2501091EAC20 /* Pods */ = {
			isa = PBXGroup;
			children = (
				C0A052B265BEB1CF2FD99AC9 /* Pods-Tipster.debug.xcconfig */,
				A1E980768A1BA69A01E696DC /* Pods-Tipster.release.xcconfig */,
				1BA1CCF86487EA318938F291 /* Pods-Tipster-TipsterUITests.debug.xcconfig */,
				CDA45C89CA96029806752B6C /* Pods-Tipster-TipsterUITests.release.xcconfig */,
				10EBF945D9296A67AD9AC3E8 /* Pods-TipsterTests.debug.xcconfig */,
				844E0F01827E3D512553A08C /* Pods-TipsterTests.release.xcconfig */,
			);
			name = Pods;
			path = Pods;
			sourceTree = "<group>";
		};
		B57884832701426B00B45F32 = {
			isa = PBXGroup;
			children = (
				B578848E2701426B00B45F32 /* Tipster */,
				B57884AA2701426D00B45F32 /* TipsterTests */,
				B57884B52701426D00B45F32 /* TipsterUITests */,
				B578848D2701426B00B45F32 /* Products */,
				99503BB21BEE2501091EAC20 /* Pods */,
				294A323C43A6647B221ABD03 /* Frameworks */,
			);
			sourceTree = "<group>";
		};
		B578848D2701426B00B45F32 /* Products */ = {
			isa = PBXGroup;
			children = (
				B578848C2701426B00B45F32 /* Tipster.app */,
				B57884A72701426D00B45F32 /* TipsterTests.xctest */,
				B57884B22701426D00B45F32 /* TipsterUITests.xctest */,
			);
			name = Products;
			sourceTree = "<group>";
		};
		B578848E2701426B00B45F32 /* Tipster */ = {
			isa = PBXGroup;
			children = (
				B57884C7270185AE00B45F32 /* MovieCell.swift */,
				B578848F2701426B00B45F32 /* AppDelegate.h */,
				B57884902701426B00B45F32 /* AppDelegate.m */,
				B57884922701426B00B45F32 /* SceneDelegate.h */,
				B57884932701426B00B45F32 /* SceneDelegate.m */,
				B57884952701426B00B45F32 /* ViewController.h */,
				B57884962701426B00B45F32 /* ViewController.m */,
				B57884982701426C00B45F32 /* Main.storyboard */,
				B57884C527016C8100B45F32 /* MoviesViewController.swift */,
				B578849B2701426D00B45F32 /* Assets.xcassets */,
				B578849D2701426D00B45F32 /* LaunchScreen.storyboard */,
				B57884A02701426D00B45F32 /* Info.plist */,
				B57884A12701426D00B45F32 /* main.m */,
				B57884C427016C8000B45F32 /* Tipster-Bridging-Header.h */,
			);
			path = Tipster;
			sourceTree = "<group>";
		};
		B57884AA2701426D00B45F32 /* TipsterTests */ = {
			isa = PBXGroup;
			children = (
				B57884AB2701426D00B45F32 /* TipsterTests.m */,
				B57884AD2701426D00B45F32 /* Info.plist */,
			);
			path = TipsterTests;
			sourceTree = "<group>";
		};
		B57884B52701426D00B45F32 /* TipsterUITests */ = {
			isa = PBXGroup;
			children = (
				B57884B62701426D00B45F32 /* TipsterUITests.m */,
				B57884B82701426D00B45F32 /* Info.plist */,
			);
			path = TipsterUITests;
			sourceTree = "<group>";
		};
/* End PBXGroup section */

/* Begin PBXNativeTarget section */
		B578848B2701426B00B45F32 /* Tipster */ = {
			isa = PBXNativeTarget;
			buildConfigurationList = B57884BB2701426D00B45F32 /* Build configuration list for PBXNativeTarget "Tipster" */;
			buildPhases = (
				F2856ED06B0ED576BB82BE41 /* [CP] Check Pods Manifest.lock */,
				B57884882701426B00B45F32 /* Sources */,
				B57884892701426B00B45F32 /* Frameworks */,
				B578848A2701426B00B45F32 /* Resources */,
				2E2ED377CC15D9100544C722 /* [CP] Embed Pods Frameworks */,
			);
			buildRules = (
			);
			dependencies = (
			);
			name = Tipster;
			packageProductDependencies = (
				B57884CA270A733400B45F32 /* AlamofireImage */,
			);
			productName = Tipster;
			productReference = B578848C2701426B00B45F32 /* Tipster.app */;
			productType = "com.apple.product-type.application";
		};
		B57884A62701426D00B45F32 /* TipsterTests */ = {
			isa = PBXNativeTarget;
			buildConfigurationList = B57884BE2701426D00B45F32 /* Build configuration list for PBXNativeTarget "TipsterTests" */;
			buildPhases = (
				CE9C2C0D739FECC2DC2D1998 /* [CP] Check Pods Manifest.lock */,
				B57884A32701426D00B45F32 /* Sources */,
				B57884A42701426D00B45F32 /* Frameworks */,
				B57884A52701426D00B45F32 /* Resources */,
			);
			buildRules = (
			);
			dependencies = (
				B57884A92701426D00B45F32 /* PBXTargetDependency */,
			);
			name = TipsterTests;
			productName = TipsterTests;
			productReference = B57884A72701426D00B45F32 /* TipsterTests.xctest */;
			productType = "com.apple.product-type.bundle.unit-test";
		};
		B57884B12701426D00B45F32 /* TipsterUITests */ = {
			isa = PBXNativeTarget;
			buildConfigurationList = B57884C12701426D00B45F32 /* Build configuration list for PBXNativeTarget "TipsterUITests" */;
			buildPhases = (
				178F63049564265FCD587AA2 /* [CP] Check Pods Manifest.lock */,
				B57884AE2701426D00B45F32 /* Sources */,
				B57884AF2701426D00B45F32 /* Frameworks */,
				B57884B02701426D00B45F32 /* Resources */,
				770BDA9B1AF96B12C2217595 /* [CP] Embed Pods Frameworks */,
			);
			buildRules = (
			);
			dependencies = (
				B57884B42701426D00B45F32 /* PBXTargetDependency */,
			);
			name = TipsterUITests;
			productName = TipsterUITests;
			productReference = B57884B22701426D00B45F32 /* TipsterUITests.xctest */;
			productType = "com.apple.product-type.bundle.ui-testing";
		};
/* End PBXNativeTarget section */

/* Begin PBXProject section */
		B57884842701426B00B45F32 /* Project object */ = {
			isa = PBXProject;
			attributes = {
				LastUpgradeCheck = 1250;
				TargetAttributes = {
					B578848B2701426B00B45F32 = {
						CreatedOnToolsVersion = 12.5.1;
						LastSwiftMigration = 1250;
					};
					B57884A62701426D00B45F32 = {
						CreatedOnToolsVersion = 12.5.1;
						TestTargetID = B578848B2701426B00B45F32;
					};
					B57884B12701426D00B45F32 = {
						CreatedOnToolsVersion = 12.5.1;
						TestTargetID = B578848B2701426B00B45F32;
					};
				};
			};
			buildConfigurationList = B57884872701426B00B45F32 /* Build configuration list for PBXProject "Tipster" */;
			compatibilityVersion = "Xcode 9.3";
			developmentRegion = en;
			hasScannedForEncodings = 0;
			knownRegions = (
				en,
				Base,
			);
			mainGroup = B57884832701426B00B45F32;
			packageReferences = (
				B57884C9270A733400B45F32 /* XCRemoteSwiftPackageReference "AlamofireImage" */,
			);
			productRefGroup = B578848D2701426B00B45F32 /* Products */;
			projectDirPath = "";
			projectRoot = "";
			targets = (
				B578848B2701426B00B45F32 /* Tipster */,
				B57884A62701426D00B45F32 /* TipsterTests */,
				B57884B12701426D00B45F32 /* TipsterUITests */,
			);
		};
/* End PBXProject section */

/* Begin PBXResourcesBuildPhase section */
		B578848A2701426B00B45F32 /* Resources */ = {
			isa = PBXResourcesBuildPhase;
			buildActionMask = 2147483647;
			files = (
				B578849F2701426D00B45F32 /* LaunchScreen.storyboard in Resources */,
				B578849C2701426D00B45F32 /* Assets.xcassets in Resources */,
				B578849A2701426C00B45F32 /* Main.storyboard in Resources */,
			);
			runOnlyForDeploymentPostprocessing = 0;
		};
		B57884A52701426D00B45F32 /* Resources */ = {
			isa = PBXResourcesBuildPhase;
			buildActionMask = 2147483647;
			files = (
			);
			runOnlyForDeploymentPostprocessing = 0;
		};
		B57884B02701426D00B45F32 /* Resources */ = {
			isa = PBXResourcesBuildPhase;
			buildActionMask = 2147483647;
			files = (
			);
			runOnlyForDeploymentPostprocessing = 0;
		};
/* End PBXResourcesBuildPhase section */

/* Begin PBXShellScriptBuildPhase section */
		178F63049564265FCD587AA2 /* [CP] Check Pods Manifest.lock */ = {
			isa = PBXShellScriptBuildPhase;
			buildActionMask = 2147483647;
			files = (
			);
			inputFileListPaths = (
			);
			inputPaths = (
				"${PODS_PODFILE_DIR_PATH}/Podfile.lock",
				"${PODS_ROOT}/Manifest.lock",
			);
			name = "[CP] Check Pods Manifest.lock";
			outputFileListPaths = (
			);
			outputPaths = (
				"$(DERIVED_FILE_DIR)/Pods-Tipster-TipsterUITests-checkManifestLockResult.txt",
			);
			runOnlyForDeploymentPostprocessing = 0;
			shellPath = /bin/sh;
			shellScript = "diff \"${PODS_PODFILE_DIR_PATH}/Podfile.lock\" \"${PODS_ROOT}/Manifest.lock\" > /dev/null\nif [ $? != 0 ] ; then\n    # print error to STDERR\n    echo \"error: The sandbox is not in sync with the Podfile.lock. Run 'pod install' or update your CocoaPods installation.\" >&2\n    exit 1\nfi\n# This output is used by Xcode 'outputs' to avoid re-running this script phase.\necho \"SUCCESS\" > \"${SCRIPT_OUTPUT_FILE_0}\"\n";
			showEnvVarsInLog = 0;
		};
		2E2ED377CC15D9100544C722 /* [CP] Embed Pods Frameworks */ = {
			isa = PBXShellScriptBuildPhase;
			buildActionMask = 2147483647;
			files = (
			);
			inputFileListPaths = (
				"${PODS_ROOT}/Target Support Files/Pods-Tipster/Pods-Tipster-frameworks-${CONFIGURATION}-input-files.xcfilelist",
			);
			name = "[CP] Embed Pods Frameworks";
			outputFileListPaths = (
				"${PODS_ROOT}/Target Support Files/Pods-Tipster/Pods-Tipster-frameworks-${CONFIGURATION}-output-files.xcfilelist",
			);
			runOnlyForDeploymentPostprocessing = 0;
			shellPath = /bin/sh;
			shellScript = "\"${PODS_ROOT}/Target Support Files/Pods-Tipster/Pods-Tipster-frameworks.sh\"\n";
			showEnvVarsInLog = 0;
		};
		770BDA9B1AF96B12C2217595 /* [CP] Embed Pods Frameworks */ = {
			isa = PBXShellScriptBuildPhase;
			buildActionMask = 2147483647;
			files = (
			);
			inputFileListPaths = (
				"${PODS_ROOT}/Target Support Files/Pods-Tipster-TipsterUITests/Pods-Tipster-TipsterUITests-frameworks-${CONFIGURATION}-input-files.xcfilelist",
			);
			name = "[CP] Embed Pods Frameworks";
			outputFileListPaths = (
				"${PODS_ROOT}/Target Support Files/Pods-Tipster-TipsterUITests/Pods-Tipster-TipsterUITests-frameworks-${CONFIGURATION}-output-files.xcfilelist",
			);
			runOnlyForDeploymentPostprocessing = 0;
			shellPath = /bin/sh;
			shellScript = "\"${PODS_ROOT}/Target Support Files/Pods-Tipster-TipsterUITests/Pods-Tipster-TipsterUITests-frameworks.sh\"\n";
			showEnvVarsInLog = 0;
		};
		CE9C2C0D739FECC2DC2D1998 /* [CP] Check Pods Manifest.lock */ = {
			isa = PBXShellScriptBuildPhase;
			buildActionMask = 2147483647;
			files = (
			);
			inputFileListPaths = (
			);
			inputPaths = (
				"${PODS_PODFILE_DIR_PATH}/Podfile.lock",
				"${PODS_ROOT}/Manifest.lock",
			);
			name = "[CP] Check Pods Manifest.lock";
			outputFileListPaths = (
			);
			outputPaths = (
				"$(DERIVED_FILE_DIR)/Pods-TipsterTests-checkManifestLockResult.txt",
			);
			runOnlyForDeploymentPostprocessing = 0;
			shellPath = /bin/sh;
			shellScript = "diff \"${PODS_PODFILE_DIR_PATH}/Podfile.lock\" \"${PODS_ROOT}/Manifest.lock\" > /dev/null\nif [ $? != 0 ] ; then\n    # print error to STDERR\n    echo \"error: The sandbox is not in sync with the Podfile.lock. Run 'pod install' or update your CocoaPods installation.\" >&2\n    exit 1\nfi\n# This output is used by Xcode 'outputs' to avoid re-running this script phase.\necho \"SUCCESS\" > \"${SCRIPT_OUTPUT_FILE_0}\"\n";
			showEnvVarsInLog = 0;
		};
		F2856ED06B0ED576BB82BE41 /* [CP] Check Pods Manifest.lock */ = {
			isa = PBXShellScriptBuildPhase;
			buildActionMask = 2147483647;
			files = (
			);
			inputFileListPaths = (
			);
			inputPaths = (
				"${PODS_PODFILE_DIR_PATH}/Podfile.lock",
				"${PODS_ROOT}/Manifest.lock",
			);
			name = "[CP] Check Pods Manifest.lock";
			outputFileListPaths = (
			);
			outputPaths = (
				"$(DERIVED_FILE_DIR)/Pods-Tipster-checkManifestLockResult.txt",
			);
			runOnlyForDeploymentPostprocessing = 0;
			shellPath = /bin/sh;
			shellScript = "diff \"${PODS_PODFILE_DIR_PATH}/Podfile.lock\" \"${PODS_ROOT}/Manifest.lock\" > /dev/null\nif [ $? != 0 ] ; then\n    # print error to STDERR\n    echo \"error: The sandbox is not in sync with the Podfile.lock. Run 'pod install' or update your CocoaPods installation.\" >&2\n    exit 1\nfi\n# This output is used by Xcode 'outputs' to avoid re-running this script phase.\necho \"SUCCESS\" > \"${SCRIPT_OUTPUT_FILE_0}\"\n";
			showEnvVarsInLog = 0;
		};
/* End PBXShellScriptBuildPhase section */

/* Begin PBXSourcesBuildPhase section */
		B57884882701426B00B45F32 /* Sources */ = {
			isa = PBXSourcesBuildPhase;
			buildActionMask = 2147483647;
			files = (
				B57884972701426B00B45F32 /* ViewController.m in Sources */,
				B57884C627016C8100B45F32 /* MoviesViewController.swift in Sources */,
				B57884C8270185AF00B45F32 /* MovieCell.swift in Sources */,
				B57884912701426B00B45F32 /* AppDelegate.m in Sources */,
				B57884A22701426D00B45F32 /* main.m in Sources */,
				B57884942701426B00B45F32 /* SceneDelegate.m in Sources */,
			);
			runOnlyForDeploymentPostprocessing = 0;
		};
		B57884A32701426D00B45F32 /* Sources */ = {
			isa = PBXSourcesBuildPhase;
			buildActionMask = 2147483647;
			files = (
				B57884AC2701426D00B45F32 /* TipsterTests.m in Sources */,
			);
			runOnlyForDeploymentPostprocessing = 0;
		};
		B57884AE2701426D00B45F32 /* Sources */ = {
			isa = PBXSourcesBuildPhase;
			buildActionMask = 2147483647;
			files = (
				B57884B72701426D00B45F32 /* TipsterUITests.m in Sources */,
			);
			runOnlyForDeploymentPostprocessing = 0;
		};
/* End PBXSourcesBuildPhase section */

/* Begin PBXTargetDependency section */
		B57884A92701426D00B45F32 /* PBXTargetDependency */ = {
			isa = PBXTargetDependency;
			target = B578848B2701426B00B45F32 /* Tipster */;
			targetProxy = B57884A82701426D00B45F32 /* PBXContainerItemProxy */;
		};
		B57884B42701426D00B45F32 /* PBXTargetDependency */ = {
			isa = PBXTargetDependency;
			target = B578848B2701426B00B45F32 /* Tipster */;
			targetProxy = B57884B32701426D00B45F32 /* PBXContainerItemProxy */;
		};
/* End PBXTargetDependency section */

/* Begin PBXVariantGroup section */
		B57884982701426C00B45F32 /* Main.storyboard */ = {
			isa = PBXVariantGroup;
			children = (
				B57884992701426C00B45F32 /* Base */,
			);
			name = Main.storyboard;
			sourceTree = "<group>";
		};
		B578849D2701426D00B45F32 /* LaunchScreen.storyboard */ = {
			isa = PBXVariantGroup;
			children = (
				B578849E2701426D00B45F32 /* Base */,
			);
			name = LaunchScreen.storyboard;
			sourceTree = "<group>";
		};
/* End PBXVariantGroup section */

/* Begin XCBuildConfiguration section */
		B57884B92701426D00B45F32 /* Debug */ = {
			isa = XCBuildConfiguration;
			buildSettings = {
				ALWAYS_SEARCH_USER_PATHS = NO;
				CLANG_ANALYZER_NONNULL = YES;
				CLANG_ANALYZER_NUMBER_OBJECT_CONVERSION = YES_AGGRESSIVE;
				CLANG_CXX_LANGUAGE_STANDARD = "gnu++14";
				CLANG_CXX_LIBRARY = "libc++";
				CLANG_ENABLE_MODULES = YES;
				CLANG_ENABLE_OBJC_ARC = YES;
				CLANG_ENABLE_OBJC_WEAK = YES;
				CLANG_WARN_BLOCK_CAPTURE_AUTORELEASING = YES;
				CLANG_WARN_BOOL_CONVERSION = YES;
				CLANG_WARN_COMMA = YES;
				CLANG_WARN_CONSTANT_CONVERSION = YES;
				CLANG_WARN_DEPRECATED_OBJC_IMPLEMENTATIONS = YES;
				CLANG_WARN_DIRECT_OBJC_ISA_USAGE = YES_ERROR;
				CLANG_WARN_DOCUMENTATION_COMMENTS = YES;
				CLANG_WARN_EMPTY_BODY = YES;
				CLANG_WARN_ENUM_CONVERSION = YES;
				CLANG_WARN_INFINITE_RECURSION = YES;
				CLANG_WARN_INT_CONVERSION = YES;
				CLANG_WARN_NON_LITERAL_NULL_CONVERSION = YES;
				CLANG_WARN_OBJC_IMPLICIT_RETAIN_SELF = YES;
				CLANG_WARN_OBJC_LITERAL_CONVERSION = YES;
				CLANG_WARN_OBJC_ROOT_CLASS = YES_ERROR;
				CLANG_WARN_QUOTED_INCLUDE_IN_FRAMEWORK_HEADER = YES;
				CLANG_WARN_RANGE_LOOP_ANALYSIS = YES;
				CLANG_WARN_STRICT_PROTOTYPES = YES;
				CLANG_WARN_SUSPICIOUS_MOVE = YES;
				CLANG_WARN_UNGUARDED_AVAILABILITY = YES_AGGRESSIVE;
				CLANG_WARN_UNREACHABLE_CODE = YES;
				CLANG_WARN__DUPLICATE_METHOD_MATCH = YES;
				COPY_PHASE_STRIP = NO;
				DEBUG_INFORMATION_FORMAT = dwarf;
				ENABLE_STRICT_OBJC_MSGSEND = YES;
				ENABLE_TESTABILITY = YES;
				GCC_C_LANGUAGE_STANDARD = gnu11;
				GCC_DYNAMIC_NO_PIC = NO;
				GCC_NO_COMMON_BLOCKS = YES;
				GCC_OPTIMIZATION_LEVEL = 0;
				GCC_PREPROCESSOR_DEFINITIONS = (
					"DEBUG=1",
					"$(inherited)",
				);
				GCC_WARN_64_TO_32_BIT_CONVERSION = YES;
				GCC_WARN_ABOUT_RETURN_TYPE = YES_ERROR;
				GCC_WARN_UNDECLARED_SELECTOR = YES;
				GCC_WARN_UNINITIALIZED_AUTOS = YES_AGGRESSIVE;
				GCC_WARN_UNUSED_FUNCTION = YES;
				GCC_WARN_UNUSED_VARIABLE = YES;
				IPHONEOS_DEPLOYMENT_TARGET = 14.5;
				MTL_ENABLE_DEBUG_INFO = INCLUDE_SOURCE;
				MTL_FAST_MATH = YES;
				ONLY_ACTIVE_ARCH = YES;
				SDKROOT = iphoneos;
			};
			name = Debug;
		};
		B57884BA2701426D00B45F32 /* Release */ = {
			isa = XCBuildConfiguration;
			buildSettings = {
				ALWAYS_SEARCH_USER_PATHS = NO;
				CLANG_ANALYZER_NONNULL = YES;
				CLANG_ANALYZER_NUMBER_OBJECT_CONVERSION = YES_AGGRESSIVE;
				CLANG_CXX_LANGUAGE_STANDARD = "gnu++14";
				CLANG_CXX_LIBRARY = "libc++";
				CLANG_ENABLE_MODULES = YES;
				CLANG_ENABLE_OBJC_ARC = YES;
				CLANG_ENABLE_OBJC_WEAK = YES;
				CLANG_WARN_BLOCK_CAPTURE_AUTORELEASING = YES;
				CLANG_WARN_BOOL_CONVERSION = YES;
				CLANG_WARN_COMMA = YES;
				CLANG_WARN_CONSTANT_CONVERSION = YES;
				CLANG_WARN_DEPRECATED_OBJC_IMPLEMENTATIONS = YES;
				CLANG_WARN_DIRECT_OBJC_ISA_USAGE = YES_ERROR;
				CLANG_WARN_DOCUMENTATION_COMMENTS = YES;
				CLANG_WARN_EMPTY_BODY = YES;
				CLANG_WARN_ENUM_CONVERSION = YES;
				CLANG_WARN_INFINITE_RECURSION = YES;
				CLANG_WARN_INT_CONVERSION = YES;
				CLANG_WARN_NON_LITERAL_NULL_CONVERSION = YES;
				CLANG_WARN_OBJC_IMPLICIT_RETAIN_SELF = YES;
				CLANG_WARN_OBJC_LITERAL_CONVERSION = YES;
				CLANG_WARN_OBJC_ROOT_CLASS = YES_ERROR;
				CLANG_WARN_QUOTED_INCLUDE_IN_FRAMEWORK_HEADER = YES;
				CLANG_WARN_RANGE_LOOP_ANALYSIS = YES;
				CLANG_WARN_STRICT_PROTOTYPES = YES;
				CLANG_WARN_SUSPICIOUS_MOVE = YES;
				CLANG_WARN_UNGUARDED_AVAILABILITY = YES_AGGRESSIVE;
				CLANG_WARN_UNREACHABLE_CODE = YES;
				CLANG_WARN__DUPLICATE_METHOD_MATCH = YES;
				COPY_PHASE_STRIP = NO;
				DEBUG_INFORMATION_FORMAT = "dwarf-with-dsym";
				ENABLE_NS_ASSERTIONS = NO;
				ENABLE_STRICT_OBJC_MSGSEND = YES;
				GCC_C_LANGUAGE_STANDARD = gnu11;
				GCC_NO_COMMON_BLOCKS = YES;
				GCC_WARN_64_TO_32_BIT_CONVERSION = YES;
				GCC_WARN_ABOUT_RETURN_TYPE = YES_ERROR;
				GCC_WARN_UNDECLARED_SELECTOR = YES;
				GCC_WARN_UNINITIALIZED_AUTOS = YES_AGGRESSIVE;
				GCC_WARN_UNUSED_FUNCTION = YES;
				GCC_WARN_UNUSED_VARIABLE = YES;
				IPHONEOS_DEPLOYMENT_TARGET = 14.5;
				MTL_ENABLE_DEBUG_INFO = NO;
				MTL_FAST_MATH = YES;
				SDKROOT = iphoneos;
				VALIDATE_PRODUCT = YES;
			};
			name = Release;
		};
		B57884BC2701426D00B45F32 /* Debug */ = {
			isa = XCBuildConfiguration;
			baseConfigurationReference = C0A052B265BEB1CF2FD99AC9 /* Pods-Tipster.debug.xcconfig */;
			buildSettings = {
				ASSETCATALOG_COMPILER_APPICON_NAME = AppIcon;
				ASSETCATALOG_COMPILER_GLOBAL_ACCENT_COLOR_NAME = AccentColor;
				CLANG_ENABLE_MODULES = YES;
				CODE_SIGN_STYLE = Automatic;
				DEVELOPMENT_TEAM = 45PEG3X873;
				INFOPLIST_FILE = Tipster/Info.plist;
				LD_RUNPATH_SEARCH_PATHS = (
					"$(inherited)",
					"@executable_path/Frameworks",
				);
				PRODUCT_BUNDLE_IDENTIFIER = com.bhavig.Tipster;
				PRODUCT_NAME = "$(TARGET_NAME)";
				SWIFT_OBJC_BRIDGING_HEADER = "Tipster/Tipster-Bridging-Header.h";
				SWIFT_OPTIMIZATION_LEVEL = "-Onone";
				SWIFT_VERSION = 5.0;
				TARGETED_DEVICE_FAMILY = "1,2";
			};
			name = Debug;
		};
		B57884BD2701426D00B45F32 /* Release */ = {
			isa = XCBuildConfiguration;
			baseConfigurationReference = A1E980768A1BA69A01E696DC /* Pods-Tipster.release.xcconfig */;
			buildSettings = {
				ASSETCATALOG_COMPILER_APPICON_NAME = AppIcon;
				ASSETCATALOG_COMPILER_GLOBAL_ACCENT_COLOR_NAME = AccentColor;
				CLANG_ENABLE_MODULES = YES;
				CODE_SIGN_STYLE = Automatic;
				DEVELOPMENT_TEAM = 45PEG3X873;
				INFOPLIST_FILE = Tipster/Info.plist;
				LD_RUNPATH_SEARCH_PATHS = (
					"$(inherited)",
					"@executable_path/Frameworks",
				);
				PRODUCT_BUNDLE_IDENTIFIER = com.bhavig.Tipster;
				PRODUCT_NAME = "$(TARGET_NAME)";
				SWIFT_OBJC_BRIDGING_HEADER = "Tipster/Tipster-Bridging-Header.h";
				SWIFT_VERSION = 5.0;
				TARGETED_DEVICE_FAMILY = "1,2";
			};
			name = Release;
		};
		B57884BF2701426D00B45F32 /* Debug */ = {
			isa = XCBuildConfiguration;
			baseConfigurationReference = 10EBF945D9296A67AD9AC3E8 /* Pods-TipsterTests.debug.xcconfig */;
			buildSettings = {
				ALWAYS_EMBED_SWIFT_STANDARD_LIBRARIES = YES;
				BUNDLE_LOADER = "$(TEST_HOST)";
				CODE_SIGN_STYLE = Automatic;
				DEVELOPMENT_TEAM = 45PEG3X873;
				INFOPLIST_FILE = TipsterTests/Info.plist;
				IPHONEOS_DEPLOYMENT_TARGET = 14.5;
				LD_RUNPATH_SEARCH_PATHS = (
					"$(inherited)",
					"@executable_path/Frameworks",
					"@loader_path/Frameworks",
				);
				PRODUCT_BUNDLE_IDENTIFIER = com.bhavig.TipsterTests;
				PRODUCT_NAME = "$(TARGET_NAME)";
				TARGETED_DEVICE_FAMILY = "1,2";
				TEST_HOST = "$(BUILT_PRODUCTS_DIR)/Tipster.app/Tipster";
			};
			name = Debug;
		};
		B57884C02701426D00B45F32 /* Release */ = {
			isa = XCBuildConfiguration;
			baseConfigurationReference = 844E0F01827E3D512553A08C /* Pods-TipsterTests.release.xcconfig */;
			buildSettings = {
				ALWAYS_EMBED_SWIFT_STANDARD_LIBRARIES = YES;
				BUNDLE_LOADER = "$(TEST_HOST)";
				CODE_SIGN_STYLE = Automatic;
				DEVELOPMENT_TEAM = 45PEG3X873;
				INFOPLIST_FILE = TipsterTests/Info.plist;
				IPHONEOS_DEPLOYMENT_TARGET = 14.5;
				LD_RUNPATH_SEARCH_PATHS = (
					"$(inherited)",
					"@executable_path/Frameworks",
					"@loader_path/Frameworks",
				);
				PRODUCT_BUNDLE_IDENTIFIER = com.bhavig.TipsterTests;
				PRODUCT_NAME = "$(TARGET_NAME)";
				TARGETED_DEVICE_FAMILY = "1,2";
				TEST_HOST = "$(BUILT_PRODUCTS_DIR)/Tipster.app/Tipster";
			};
			name = Release;
		};
		B57884C22701426D00B45F32 /* Debug */ = {
			isa = XCBuildConfiguration;
			baseConfigurationReference = 1BA1CCF86487EA318938F291 /* Pods-Tipster-TipsterUITests.debug.xcconfig */;
			buildSettings = {
				ALWAYS_EMBED_SWIFT_STANDARD_LIBRARIES = YES;
				CODE_SIGN_STYLE = Automatic;
				DEVELOPMENT_TEAM = 45PEG3X873;
				INFOPLIST_FILE = TipsterUITests/Info.plist;
				LD_RUNPATH_SEARCH_PATHS = (
					"$(inherited)",
					"@executable_path/Frameworks",
					"@loader_path/Frameworks",
				);
				PRODUCT_BUNDLE_IDENTIFIER = com.bhavig.TipsterUITests;
				PRODUCT_NAME = "$(TARGET_NAME)";
				TARGETED_DEVICE_FAMILY = "1,2";
				TEST_TARGET_NAME = Tipster;
			};
			name = Debug;
		};
		B57884C32701426D00B45F32 /* Release */ = {
			isa = XCBuildConfiguration;
			baseConfigurationReference = CDA45C89CA96029806752B6C /* Pods-Tipster-TipsterUITests.release.xcconfig */;
			buildSettings = {
				ALWAYS_EMBED_SWIFT_STANDARD_LIBRARIES = YES;
				CODE_SIGN_STYLE = Automatic;
				DEVELOPMENT_TEAM = 45PEG3X873;
				INFOPLIST_FILE = TipsterUITests/Info.plist;
				LD_RUNPATH_SEARCH_PATHS = (
					"$(inherited)",
					"@executable_path/Frameworks",
					"@loader_path/Frameworks",
				);
				PRODUCT_BUNDLE_IDENTIFIER = com.bhavig.TipsterUITests;
				PRODUCT_NAME = "$(TARGET_NAME)";
				TARGETED_DEVICE_FAMILY = "1,2";
				TEST_TARGET_NAME = Tipster;
			};
			name = Release;
		};
/* End XCBuildConfiguration section */

/* Begin XCConfigurationList section */
		B57884872701426B00B45F32 /* Build configuration list for PBXProject "Tipster" */ = {
			isa = XCConfigurationList;
			buildConfigurations = (
				B57884B92701426D00B45F32 /* Debug */,
				B57884BA2701426D00B45F32 /* Release */,
			);
			defaultConfigurationIsVisible = 0;
			defaultConfigurationName = Release;
		};
		B57884BB2701426D00B45F32 /* Build configuration list for PBXNativeTarget "Tipster" */ = {
			isa = XCConfigurationList;
			buildConfigurations = (
				B57884BC2701426D00B45F32 /* Debug */,
				B57884BD2701426D00B45F32 /* Release */,
			);
			defaultConfigurationIsVisible = 0;
			defaultConfigurationName = Release;
		};
		B57884BE2701426D00B45F32 /* Build configuration list for PBXNativeTarget "TipsterTests" */ = {
			isa = XCConfigurationList;
			buildConfigurations = (
				B57884BF2701426D00B45F32 /* Debug */,
				B57884C02701426D00B45F32 /* Release */,
			);
			defaultConfigurationIsVisible = 0;
			defaultConfigurationName = Release;
		};
		B57884C12701426D00B45F32 /* Build configuration list for PBXNativeTarget "TipsterUITests" */ = {
			isa = XCConfigurationList;
			buildConfigurations = (
				B57884C22701426D00B45F32 /* Debug */,
				B57884C32701426D00B45F32 /* Release */,
			);
			defaultConfigurationIsVisible = 0;
			defaultConfigurationName = Release;
		};
/* End XCConfigurationList section */

/* Begin XCRemoteSwiftPackageReference section */
		B57884C9270A733400B45F32 /* XCRemoteSwiftPackageReference "AlamofireImage" */ = {
			isa = XCRemoteSwiftPackageReference;
			repositoryURL = "https://github.com/Alamofire/AlamofireImage";
			requirement = {
				kind = upToNextMajorVersion;
				minimumVersion = 4.2.0;
			};
		};
/* End XCRemoteSwiftPackageReference section */

/* Begin XCSwiftPackageProductDependency section */
		B57884CA270A733400B45F32 /* AlamofireImage */ = {
			isa = XCSwiftPackageProductDependency;
			package = B57884C9270A733400B45F32 /* XCRemoteSwiftPackageReference "AlamofireImage" */;
			productName = AlamofireImage;
		};
/* End XCSwiftPackageProductDependency section */
	};
	rootObject = B57884842701426B00B45F32 /* Project object */;
}
